{
    "doctrine/common": {
        "version": "2.13.3"
    },
    "doctrine/data-fixtures": {
        "version": "1.4.4"
    },
    "doctrine/doctrine-fixtures-bundle": {
        "version": "3.0",
        "recipe": {
            "repo": "github.com/symfony/recipes",
            "branch": "master",
            "version": "3.0",
            "ref": "e5b542d4ef47d8a003c91beb35650c76907f7e53"
        },
        "files": [
            "./src/DataFixtures/AppFixtures.php"
        ]
    },
    "doctrine/inflector": {
        "version": "1.4.3"
    },
    "doctrine/orm": {
        "version": "v2.7.3"
    },
    "easycorp/easyadmin-bundle": {
        "version": "2.0",
        "recipe": {
            "repo": "github.com/symfony/recipes",
            "branch": "master",
            "version": "2.0",
            "ref": "0a51040a43c6f2172a3a0135cd15daf2043905d7"
        },
        "files": [
            "./config/packages/easy_admin.yaml",
            "./config/routes/easy_admin.yaml"
        ]
    },
    "egulias/email-validator": {
        "version": "2.1.22"
    },
    "gedmo/doctrine-extensions": {
        "version": "v3.0.0"
    },
    "google/recaptcha": {
        "version": "1.1",
        "recipe": {
            "repo": "github.com/symfony/recipes-contrib",
            "branch": "master",
            "version": "1.1",
            "ref": "d087df3e087f50da3955f2def05079380da5894b"
        },
        "files": [
            "./config/packages/google_recaptcha.yaml"
        ]
    },
    "jms/metadata": {
        "version": "2.3.0"
    },
    "knplabs/knp-components": {
        "version": "v2.4.2"
    },
    "knplabs/knp-paginator-bundle": {
        "version": "v5.3.0"
    },
    "monolog/monolog": {
        "version": "2.1.1"
    },
    "nikic/php-parser": {
        "version": "v4.10.2"
    },
    "pagerfanta/pagerfanta": {
        "version": "v2.4.1"
    },
    "php": {
        "version": "7.3"
    },
    "phpdocumentor/reflection-common": {
        "version": "2.2.0"
    },
    "phpdocumentor/reflection-docblock": {
        "version": "5.2.2"
    },
    "phpdocumentor/type-resolver": {
        "version": "1.4.0"
    },
    "psr/link": {
        "version": "1.0.0"
    },
    "sensio/framework-extra-bundle": {
        "version": "5.2",
        "recipe": {
            "repo": "github.com/symfony/recipes",
            "branch": "master",
            "version": "5.2",
            "ref": "fb7e19da7f013d0d422fa9bce16f5c510e27609b"
        },
        "files": [
            "./config/packages/sensio_framework_extra.yaml"
        ]
    },
    "stof/doctrine-extensions-bundle": {
        "version": "1.2",
        "recipe": {
            "repo": "github.com/symfony/recipes-contrib",
            "branch": "master",
            "version": "1.2",
            "ref": "6c1ceb662f8997085f739cd089bfbef67f245983"
        },
        "files": [
            "./config/packages/stof_doctrine_extensions.yaml"
        ]
    },
    "symfony/asset": {
        "version": "v5.1.6"
    },
    "symfony/browser-kit": {
        "version": "v5.1.6"
    },
    "symfony/css-selector": {
        "version": "v5.1.6"
    },
    "symfony/debug-bundle": {
        "version": "4.1",
        "recipe": {
            "repo": "github.com/symfony/recipes",
            "branch": "master",
            "version": "4.1",
            "ref": "f8863cbad2f2e58c4b65fa1eac892ab189971bea"
        },
        "files": [
            "./config/packages/dev/debug.yaml"
        ]
    },
    "symfony/dom-crawler": {
        "version": "v5.1.6"
    },
    "symfony/dotenv": {
        "version": "v5.1.6"
    },
    "symfony/expression-language": {
        "version": "v5.1.6"
    },
    "symfony/form": {
        "version": "v5.1.6"
    },
    "symfony/http-client": {
        "version": "v5.1.6"
    },
    "symfony/intl": {
        "version": "v5.1.6"
    },
    "symfony/mailer": {
        "version": "4.3",
        "recipe": {
            "repo": "github.com/symfony/recipes",
            "branch": "master",
            "version": "4.3",
            "ref": "15658c2a0176cda2e7dba66276a2030b52bd81b2"
        },
        "files": [
            "./config/packages/mailer.yaml"
        ]
    },
    "symfony/maker-bundle": {
        "version": "1.0",
        "recipe": {
            "repo": "github.com/symfony/recipes",
            "branch": "master",
            "version": "1.0",
            "ref": "fadbfe33303a76e25cb63401050439aa9b1a9c7f"
        }
    },
    "symfony/mime": {
        "version": "v5.1.6"
    },
    "symfony/monolog-bridge": {
        "version": "v5.1.6"
    },
    "symfony/monolog-bundle": {
        "version": "3.3",
        "recipe": {
            "repo": "github.com/symfony/recipes",
            "branch": "master",
            "version": "3.3",
            "ref": "d7249f7d560f6736115eee1851d02a65826f0a56"
        },
        "files": [
            "./config/packages/dev/monolog.yaml",
            "./config/packages/prod/deprecations.yaml",
            "./config/packages/prod/monolog.yaml",
            "./config/packages/test/monolog.yaml"
        ]
    },
    "symfony/notifier": {
        "version": "5.0",
        "recipe": {
            "repo": "github.com/symfony/recipes",
            "branch": "master",
            "version": "5.0",
            "ref": "c31585e252b32fe0e1f30b1f256af553f4a06eb9"
        },
        "files": [
            "./config/packages/notifier.yaml"
        ]
    },
    "symfony/options-resolver": {
        "version": "v5.1.6"
    },
    "symfony/phpunit-bridge": {
        "version": "4.3",
        "recipe": {
            "repo": "github.com/symfony/recipes",
            "branch": "master",
            "version": "4.3",
            "ref": "6d0e35f749d5f4bfe1f011762875275cd3f9874f"
        },
        "files": [
            "./.env.test",
            "./bin/phpunit",
            "./phpunit.xml.dist",
            "./tests/bootstrap.php"
        ]
    },
    "symfony/polyfill-intl-icu": {
        "version": "v1.18.1"
    },
    "symfony/polyfill-intl-idn": {
        "version": "v1.18.1"
    },
    "symfony/polyfill-uuid": {
        "version": "v1.18.1"
    },
    "symfony/process": {
        "version": "v5.1.6"
    },
    "symfony/property-access": {
        "version": "v5.1.6"
    },
    "symfony/property-info": {
        "version": "v5.1.6"
    },
    "symfony/security-bundle": {
        "version": "5.1",
        "recipe": {
            "repo": "github.com/symfony/recipes",
            "branch": "master",
            "version": "5.1",
            "ref": "0a4bae19389d3b9cba1ca0102e3b2bccea724603"
        },
        "files": [
            "./config/packages/security.yaml"
        ]
    },
    "symfony/security-core": {
        "version": "v5.1.6"
    },
    "symfony/security-csrf": {
        "version": "v5.1.7"
    },
    "symfony/security-guard": {
        "version": "v5.1.6"
    },
    "symfony/security-http": {
        "version": "v5.1.6"
    },
    "symfony/serializer": {
        "version": "v5.1.6"
    },
    "symfony/translation": {
        "version": "3.3",
        "recipe": {
            "repo": "github.com/symfony/recipes",
            "branch": "master",
            "version": "3.3",
            "ref": "2ad9d2545bce8ca1a863e50e92141f0b9d87ffcd"
        },
        "files": [
            "./config/packages/translation.yaml",
            "./translations/.gitignore"
        ]
    },
    "symfony/twig-bridge": {
        "version": "v5.1.6"
    },
    "symfony/twig-bundle": {
        "version": "5.0",
        "recipe": {
            "repo": "github.com/symfony/recipes",
            "branch": "master",
            "version": "5.0",
            "ref": "fab9149bbaa4d5eca054ed93f9e1b66cc500895d"
        },
        "files": [
            "./config/packages/test/twig.yaml",
            "./config/packages/twig.yaml",
            "./templates/base.html.twig"
        ]
    },
    "symfony/uid": {
        "version": "v5.1.7"
    },
    "symfony/web-link": {
        "version": "v5.1.6"
    },
    "symfony/web-profiler-bundle": {
        "version": "3.3",
        "recipe": {
            "repo": "github.com/symfony/recipes",
            "branch": "master",
            "version": "3.3",
            "ref": "6bdfa1a95f6b2e677ab985cd1af2eae35d62e0f6"
        },
        "files": [
            "./config/packages/dev/web_profiler.yaml",
            "./config/packages/test/web_profiler.yaml",
            "./config/routes/dev/web_profiler.yaml"
        ]
    },
    "symfony/webpack-encore-bundle": {
        "version": "1.6",
        "recipe": {
            "repo": "github.com/symfony/recipes",
            "branch": "master",
            "version": "1.6",
            "ref": "69e1d805ad95964088bd510c05995e87dc391564"
        },
        "files": [
            "./assets/app.js",
            "./assets/styles/app.css",
            "./config/packages/assets.yaml",
            "./config/packages/prod/webpack_encore.yaml",
            "./config/packages/test/webpack_encore.yaml",
            "./config/packages/webpack_encore.yaml",
            "./package.json",
            "./webpack.config.js"
        ]
    },
    "symfony/yaml": {
        "version": "v5.1.6"
    },
    "symfonycasts/reset-password-bundle": {
        "version": "1.0",
        "recipe": {
            "repo": "github.com/symfony/recipes",
            "branch": "master",
            "version": "1.0",
            "ref": "97c1627c0384534997ae1047b93be517ca16de43"
        },
        "files": [
            "./config/packages/reset_password.yaml"
        ]
    },
    "symfonycasts/verify-email-bundle": {
        "version": "v1.0.0"
    },
    "twig/extra-bundle": {
        "version": "v3.0.5"
    },
    "vich/uploader-bundle": {
        "version": "1.5",
        "recipe": {
            "repo": "github.com/symfony/recipes-contrib",
            "branch": "master",
            "version": "1.5",
            "ref": "c4f5755b37fb65b9c6a3cbdae91205c15a137ed4"
        },
        "files": [
            "./config/packages/vich_uploader.yaml"
        ]
    },
    "webmozart/assert": {
        "version": "1.9.1"
    }
}
